
Microsoft Visual Studio Solution File, Format Version 12.00
# Visual Studio Version 17
VisualStudioVersion = 17.0.31919.166
MinimumVisualStudioVersion = 10.0.40219.1
Project("{FAE04EC0-301F-11D3-BF4B-00C04F79EFBC}") = "CarShop", "CarShop\CarShop.csproj", "{46363D64-E3C1-4D1F-A4BC-3AF07CB7BA37}"
EndProject
Global
	GlobalSection(SolutionConfigurationPlatforms) = preSolution
		Debug|Any CPU = Debug|Any CPU
		Release|Any CPU = Release|Any CPU
	EndGlobalSection
	GlobalSection(ProjectConfigurationPlatforms) = postSolution
		{46363D64-E3C1-4D1F-A4BC-3AF07CB7BA37}.Debug|Any CPU.ActiveCfg = Debug|Any CPU
		{46363D64-E3C1-4D1F-A4BC-3AF07CB7BA37}.Debug|Any CPU.Build.0 = Debug|Any CPU
		{46363D64-E3C1-4D1F-A4BC-3AF07CB7BA37}.Release|Any CPU.ActiveCfg = Release|Any CPU
		{46363D64-E3C1-4D1F-A4BC-3AF07CB7BA37}.Release|Any CPU.Build.0 = Release|Any CPU
	EndGlobalSection
	GlobalSection(SolutionProperties) = preSolution
		HideSolutionNode = FALSE
	EndGlobalSection
	GlobalSection(ExtensibilityGlobals) = postSolution
		SolutionGuid = {87F33714-4C2A-4218-A8BB-48270363BAEF}
	EndGlobalSection
EndGlobal
