
Microsoft Visual Studio Solution File, Format Version 12.00
# Visual Studio Version 17
VisualStudioVersion = 17.1.32210.238
MinimumVisualStudioVersion = 10.0.40219.1
Project("{FAE04EC0-301F-11D3-BF4B-00C04F79EFBC}") = "English-Armenian Translate", "English-Armenian Translate\English-Armenian Translate.csproj", "{FD6FC9EF-E03B-44EF-9EE4-3C4B15550A9C}"
EndProject
Global
	GlobalSection(SolutionConfigurationPlatforms) = preSolution
		Debug|Any CPU = Debug|Any CPU
		Release|Any CPU = Release|Any CPU
	EndGlobalSection
	GlobalSection(ProjectConfigurationPlatforms) = postSolution
		{FD6FC9EF-E03B-44EF-9EE4-3C4B15550A9C}.Debug|Any CPU.ActiveCfg = Debug|Any CPU
		{FD6FC9EF-E03B-44EF-9EE4-3C4B15550A9C}.Debug|Any CPU.Build.0 = Debug|Any CPU
		{FD6FC9EF-E03B-44EF-9EE4-3C4B15550A9C}.Release|Any CPU.ActiveCfg = Release|Any CPU
		{FD6FC9EF-E03B-44EF-9EE4-3C4B15550A9C}.Release|Any CPU.Build.0 = Release|Any CPU
	EndGlobalSection
	GlobalSection(SolutionProperties) = preSolution
		HideSolutionNode = FALSE
	EndGlobalSection
	GlobalSection(ExtensibilityGlobals) = postSolution
		SolutionGuid = {C29F1A8A-5084-482A-AEE0-CE959EC65578}
	EndGlobalSection
EndGlobal
