
Microsoft Visual Studio Solution File, Format Version 12.00
# Visual Studio Version 17
VisualStudioVersion = 17.0.31919.166
MinimumVisualStudioVersion = 10.0.40219.1
Project("{FAE04EC0-301F-11D3-BF4B-00C04F79EFBC}") = "MyListCollections", "MyListCollections\MyListCollections.csproj", "{E84CCC5E-5318-4A74-82F1-EFB8D628DE54}"
EndProject
Global
	GlobalSection(SolutionConfigurationPlatforms) = preSolution
		Debug|Any CPU = Debug|Any CPU
		Release|Any CPU = Release|Any CPU
	EndGlobalSection
	GlobalSection(ProjectConfigurationPlatforms) = postSolution
		{E84CCC5E-5318-4A74-82F1-EFB8D628DE54}.Debug|Any CPU.ActiveCfg = Debug|Any CPU
		{E84CCC5E-5318-4A74-82F1-EFB8D628DE54}.Debug|Any CPU.Build.0 = Debug|Any CPU
		{E84CCC5E-5318-4A74-82F1-EFB8D628DE54}.Release|Any CPU.ActiveCfg = Release|Any CPU
		{E84CCC5E-5318-4A74-82F1-EFB8D628DE54}.Release|Any CPU.Build.0 = Release|Any CPU
	EndGlobalSection
	GlobalSection(SolutionProperties) = preSolution
		HideSolutionNode = FALSE
	EndGlobalSection
	GlobalSection(ExtensibilityGlobals) = postSolution
		SolutionGuid = {A03F5AB9-87D3-477E-BAA5-561EAA4769F5}
	EndGlobalSection
EndGlobal
