
Microsoft Visual Studio Solution File, Format Version 12.00
# Visual Studio Version 17
VisualStudioVersion = 17.1.32210.238
MinimumVisualStudioVersion = 10.0.40219.1
Project("{FAE04EC0-301F-11D3-BF4B-00C04F79EFBC}") = "RomanNumeralSystem", "RomanNumeralSystem\RomanNumeralSystem.csproj", "{3D1CC88E-EE41-458A-9B0F-3DF22E2D238A}"
EndProject
Global
	GlobalSection(SolutionConfigurationPlatforms) = preSolution
		Debug|Any CPU = Debug|Any CPU
		Release|Any CPU = Release|Any CPU
	EndGlobalSection
	GlobalSection(ProjectConfigurationPlatforms) = postSolution
		{3D1CC88E-EE41-458A-9B0F-3DF22E2D238A}.Debug|Any CPU.ActiveCfg = Debug|Any CPU
		{3D1CC88E-EE41-458A-9B0F-3DF22E2D238A}.Debug|Any CPU.Build.0 = Debug|Any CPU
		{3D1CC88E-EE41-458A-9B0F-3DF22E2D238A}.Release|Any CPU.ActiveCfg = Release|Any CPU
		{3D1CC88E-EE41-458A-9B0F-3DF22E2D238A}.Release|Any CPU.Build.0 = Release|Any CPU
	EndGlobalSection
	GlobalSection(SolutionProperties) = preSolution
		HideSolutionNode = FALSE
	EndGlobalSection
	GlobalSection(ExtensibilityGlobals) = postSolution
		SolutionGuid = {B4154CC2-7464-48FF-A53D-1C8748D8AF72}
	EndGlobalSection
EndGlobal
