
Microsoft Visual Studio Solution File, Format Version 12.00
# Visual Studio Version 17
VisualStudioVersion = 17.0.31912.275
MinimumVisualStudioVersion = 10.0.40219.1
Project("{FAE04EC0-301F-11D3-BF4B-00C04F79EFBC}") = "EmpEnum", "EmpEnum\EmpEnum.csproj", "{1E9E655B-35F0-4209-B82B-4E2D39414B77}"
EndProject
Global
	GlobalSection(SolutionConfigurationPlatforms) = preSolution
		Debug|Any CPU = Debug|Any CPU
		Release|Any CPU = Release|Any CPU
	EndGlobalSection
	GlobalSection(ProjectConfigurationPlatforms) = postSolution
		{1E9E655B-35F0-4209-B82B-4E2D39414B77}.Debug|Any CPU.ActiveCfg = Debug|Any CPU
		{1E9E655B-35F0-4209-B82B-4E2D39414B77}.Debug|Any CPU.Build.0 = Debug|Any CPU
		{1E9E655B-35F0-4209-B82B-4E2D39414B77}.Release|Any CPU.ActiveCfg = Release|Any CPU
		{1E9E655B-35F0-4209-B82B-4E2D39414B77}.Release|Any CPU.Build.0 = Release|Any CPU
	EndGlobalSection
	GlobalSection(SolutionProperties) = preSolution
		HideSolutionNode = FALSE
	EndGlobalSection
	GlobalSection(ExtensibilityGlobals) = postSolution
		SolutionGuid = {FB241AD5-53D1-4A05-B62F-70CE804064DD}
	EndGlobalSection
EndGlobal
