
Microsoft Visual Studio Solution File, Format Version 12.00
# Visual Studio Version 16
VisualStudioVersion = 16.0.31624.102
MinimumVisualStudioVersion = 10.0.40219.1
Project("{FAE04EC0-301F-11D3-BF4B-00C04F79EFBC}") = "ZooProgram", "ZooProgram\ZooProgram.csproj", "{97C47464-47CB-4D4E-826C-AC46002DFE7F}"
EndProject
Global
	GlobalSection(SolutionConfigurationPlatforms) = preSolution
		Debug|Any CPU = Debug|Any CPU
		Release|Any CPU = Release|Any CPU
	EndGlobalSection
	GlobalSection(ProjectConfigurationPlatforms) = postSolution
		{97C47464-47CB-4D4E-826C-AC46002DFE7F}.Debug|Any CPU.ActiveCfg = Debug|Any CPU
		{97C47464-47CB-4D4E-826C-AC46002DFE7F}.Debug|Any CPU.Build.0 = Debug|Any CPU
		{97C47464-47CB-4D4E-826C-AC46002DFE7F}.Release|Any CPU.ActiveCfg = Release|Any CPU
		{97C47464-47CB-4D4E-826C-AC46002DFE7F}.Release|Any CPU.Build.0 = Release|Any CPU
	EndGlobalSection
	GlobalSection(SolutionProperties) = preSolution
		HideSolutionNode = FALSE
	EndGlobalSection
	GlobalSection(ExtensibilityGlobals) = postSolution
		SolutionGuid = {25C26501-E722-4429-B37F-EEC9915234ED}
	EndGlobalSection
EndGlobal
