
Microsoft Visual Studio Solution File, Format Version 12.00
# Visual Studio Version 17
VisualStudioVersion = 17.0.31919.166
MinimumVisualStudioVersion = 10.0.40219.1
Project("{FAE04EC0-301F-11D3-BF4B-00C04F79EFBC}") = "ArrayList with System Collections", "ArrayList with System Collections\ArrayList with System Collections.csproj", "{D6AD3EBE-EAF3-4B0D-A7BA-216343266F10}"
EndProject
Global
	GlobalSection(SolutionConfigurationPlatforms) = preSolution
		Debug|Any CPU = Debug|Any CPU
		Release|Any CPU = Release|Any CPU
	EndGlobalSection
	GlobalSection(ProjectConfigurationPlatforms) = postSolution
		{D6AD3EBE-EAF3-4B0D-A7BA-216343266F10}.Debug|Any CPU.ActiveCfg = Debug|Any CPU
		{D6AD3EBE-EAF3-4B0D-A7BA-216343266F10}.Debug|Any CPU.Build.0 = Debug|Any CPU
		{D6AD3EBE-EAF3-4B0D-A7BA-216343266F10}.Release|Any CPU.ActiveCfg = Release|Any CPU
		{D6AD3EBE-EAF3-4B0D-A7BA-216343266F10}.Release|Any CPU.Build.0 = Release|Any CPU
	EndGlobalSection
	GlobalSection(SolutionProperties) = preSolution
		HideSolutionNode = FALSE
	EndGlobalSection
	GlobalSection(ExtensibilityGlobals) = postSolution
		SolutionGuid = {64719866-AEC3-4F42-9B87-93C94E00EAF4}
	EndGlobalSection
EndGlobal
