
Microsoft Visual Studio Solution File, Format Version 12.00
# Visual Studio Version 17
VisualStudioVersion = 17.1.32319.34
MinimumVisualStudioVersion = 10.0.40219.1
Project("{FAE04EC0-301F-11D3-BF4B-00C04F79EFBC}") = "BankDeposit", "BankDeposit\BankDeposit.csproj", "{18CD19E2-B910-4738-BE0C-332B5705A32E}"
EndProject
Global
	GlobalSection(SolutionConfigurationPlatforms) = preSolution
		Debug|Any CPU = Debug|Any CPU
		Release|Any CPU = Release|Any CPU
	EndGlobalSection
	GlobalSection(ProjectConfigurationPlatforms) = postSolution
		{18CD19E2-B910-4738-BE0C-332B5705A32E}.Debug|Any CPU.ActiveCfg = Debug|Any CPU
		{18CD19E2-B910-4738-BE0C-332B5705A32E}.Debug|Any CPU.Build.0 = Debug|Any CPU
		{18CD19E2-B910-4738-BE0C-332B5705A32E}.Release|Any CPU.ActiveCfg = Release|Any CPU
		{18CD19E2-B910-4738-BE0C-332B5705A32E}.Release|Any CPU.Build.0 = Release|Any CPU
	EndGlobalSection
	GlobalSection(SolutionProperties) = preSolution
		HideSolutionNode = FALSE
	EndGlobalSection
	GlobalSection(ExtensibilityGlobals) = postSolution
		SolutionGuid = {BB20B5F4-CC32-4620-9750-9C814B301A36}
	EndGlobalSection
EndGlobal
