
Microsoft Visual Studio Solution File, Format Version 12.00
# Visual Studio Version 17
VisualStudioVersion = 17.0.31919.166
MinimumVisualStudioVersion = 10.0.40219.1
Project("{FAE04EC0-301F-11D3-BF4B-00C04F79EFBC}") = "AccountLogIn", "AccountLogIn\AccountLogIn.csproj", "{C16A42C6-ED24-4D33-90C3-23EA63064418}"
EndProject
Global
	GlobalSection(SolutionConfigurationPlatforms) = preSolution
		Debug|Any CPU = Debug|Any CPU
		Release|Any CPU = Release|Any CPU
	EndGlobalSection
	GlobalSection(ProjectConfigurationPlatforms) = postSolution
		{C16A42C6-ED24-4D33-90C3-23EA63064418}.Debug|Any CPU.ActiveCfg = Debug|Any CPU
		{C16A42C6-ED24-4D33-90C3-23EA63064418}.Debug|Any CPU.Build.0 = Debug|Any CPU
		{C16A42C6-ED24-4D33-90C3-23EA63064418}.Release|Any CPU.ActiveCfg = Release|Any CPU
		{C16A42C6-ED24-4D33-90C3-23EA63064418}.Release|Any CPU.Build.0 = Release|Any CPU
	EndGlobalSection
	GlobalSection(SolutionProperties) = preSolution
		HideSolutionNode = FALSE
	EndGlobalSection
	GlobalSection(ExtensibilityGlobals) = postSolution
		SolutionGuid = {BE6D3A03-124F-44E0-B800-110EB740A6D1}
	EndGlobalSection
EndGlobal
